
Microsoft Visual Studio Solution File, Format Version 12.00
# Visual Studio Version 17
VisualStudioVersion = 17.0.31903.59
MinimumVisualStudioVersion = 10.0.40219.1
Project("{2150E333-8FDC-42A3-9474-1A3956D46DE8}") = "src", "src", "{75CF211A-7DEA-47F2-8AEA-6B02F1F00856}"
EndProject
Project("{2150E333-8FDC-42A3-9474-1A3956D46DE8}") = "Core", "Core", "{B2434F83-0E0F-4171-8F4D-C92A4C13DBAB}"
EndProject
Project("{FAE04EC0-301F-11D3-BF4B-00C04F79EFBC}") = "Core.Domain", "src\Core\Domain\Core.Domain.csproj", "{45B669B1-CAD3-4B40-94FB-8CBCB273B32A}"
EndProject
Project("{FAE04EC0-301F-11D3-BF4B-00C04F79EFBC}") = "Core.Application", "src\Core\Application\Core.Application.csproj", "{D478609C-8FC1-4A5A-8593-346A4DB73F9F}"
EndProject
Project("{FAE04EC0-301F-11D3-BF4B-00C04F79EFBC}") = "Core.Infrastructure", "src\Core\Infrastructure\Core.Infrastructure.csproj", "{66C020ED-20CF-4186-BCC8-ABD7A0870EAA}"
EndProject
Project("{2150E333-8FDC-42A3-9474-1A3956D46DE8}") = "BackofficeAdministrativo", "BackofficeAdministrativo", "{181B7802-693E-45A7-9E16-3A0F993B8F3B}"
EndProject
Project("{FAE04EC0-301F-11D3-BF4B-00C04F79EFBC}") = "BackofficeAdministrativo.Server", "src\BackofficeAdministrativo\Server\BackofficeAdministrativo.Server.csproj", "{82D9629A-3F13-48F1-999D-D9A68D59F5CE}"
EndProject
Project("{FAE04EC0-301F-11D3-BF4B-00C04F79EFBC}") = "BackofficeAdministrativo.Shared", "src\BackofficeAdministrativo\Shared\BackofficeAdministrativo.Shared.csproj", "{05BDBD39-6D78-40AD-A17C-E9B7AE747C25}"
EndProject
Project("{2150E333-8FDC-42A3-9474-1A3956D46DE8}") = "MenuCliente", "MenuCliente", "{7ABFBDD3-9E4B-4BA5-9C62-1DBE38F9EE30}"
EndProject
Project("{FAE04EC0-301F-11D3-BF4B-00C04F79EFBC}") = "MenuCliente.Server", "src\MenuCliente\Server\MenuCliente.Server.csproj", "{34B5E04F-7A75-4432-B44D-B8FCD2C2E022}"
EndProject
Project("{FAE04EC0-301F-11D3-BF4B-00C04F79EFBC}") = "MenuCliente.Shared", "src\MenuCliente\Shared\MenuCliente.Shared.csproj", "{011AD1D9-5510-4AEB-BCE1-DF1E72DCF273}"
EndProject
Project("{2150E333-8FDC-42A3-9474-1A3956D46DE8}") = "tests", "tests", "{8AFB0D7A-F94D-4C6F-B395-E5B7254B917D}"
EndProject
Project("{FAE04EC0-301F-11D3-BF4B-00C04F79EFBC}") = "Core.Tests", "tests\Core.Tests\Core.Tests.csproj", "{B7A1C01B-5312-4A93-9A7C-41E8C4561130}"
EndProject
Project("{FAE04EC0-301F-11D3-BF4B-00C04F79EFBC}") = "BackofficeAdministrativo.Tests", "tests\BackofficeAdministrativo.Tests\BackofficeAdministrativo.Tests.csproj", "{A5DB1216-5FF0-48F0-9F36-2A8F29A342B9}"
EndProject
Project("{FAE04EC0-301F-11D3-BF4B-00C04F79EFBC}") = "MenuCliente.Tests", "tests\MenuCliente.Tests\MenuCliente.Tests.csproj", "{3CB0FF58-A1B5-4273-8CF5-F874538ECE33}"
EndProject
Global
	GlobalSection(SolutionConfigurationPlatforms) = preSolution
		Debug|Any CPU = Debug|Any CPU
		Release|Any CPU = Release|Any CPU
	EndGlobalSection
	GlobalSection(SolutionProperties) = preSolution
		HideSolutionNode = FALSE
	EndGlobalSection
	GlobalSection(ProjectConfigurationPlatforms) = postSolution
		{45B669B1-CAD3-4B40-94FB-8CBCB273B32A}.Debug|Any CPU.ActiveCfg = Debug|Any CPU
		{45B669B1-CAD3-4B40-94FB-8CBCB273B32A}.Debug|Any CPU.Build.0 = Debug|Any CPU
		{45B669B1-CAD3-4B40-94FB-8CBCB273B32A}.Release|Any CPU.ActiveCfg = Release|Any CPU
		{45B669B1-CAD3-4B40-94FB-8CBCB273B32A}.Release|Any CPU.Build.0 = Release|Any CPU
		{D478609C-8FC1-4A5A-8593-346A4DB73F9F}.Debug|Any CPU.ActiveCfg = Debug|Any CPU
		{D478609C-8FC1-4A5A-8593-346A4DB73F9F}.Debug|Any CPU.Build.0 = Debug|Any CPU
		{D478609C-8FC1-4A5A-8593-346A4DB73F9F}.Release|Any CPU.ActiveCfg = Release|Any CPU
		{D478609C-8FC1-4A5A-8593-346A4DB73F9F}.Release|Any CPU.Build.0 = Release|Any CPU
		{66C020ED-20CF-4186-BCC8-ABD7A0870EAA}.Debug|Any CPU.ActiveCfg = Debug|Any CPU
		{66C020ED-20CF-4186-BCC8-ABD7A0870EAA}.Debug|Any CPU.Build.0 = Debug|Any CPU
		{66C020ED-20CF-4186-BCC8-ABD7A0870EAA}.Release|Any CPU.ActiveCfg = Release|Any CPU
		{66C020ED-20CF-4186-BCC8-ABD7A0870EAA}.Release|Any CPU.Build.0 = Release|Any CPU
		{82D9629A-3F13-48F1-999D-D9A68D59F5CE}.Debug|Any CPU.ActiveCfg = Debug|Any CPU
		{82D9629A-3F13-48F1-999D-D9A68D59F5CE}.Debug|Any CPU.Build.0 = Debug|Any CPU
		{82D9629A-3F13-48F1-999D-D9A68D59F5CE}.Release|Any CPU.ActiveCfg = Release|Any CPU
		{82D9629A-3F13-48F1-999D-D9A68D59F5CE}.Release|Any CPU.Build.0 = Release|Any CPU
		{05BDBD39-6D78-40AD-A17C-E9B7AE747C25}.Debug|Any CPU.ActiveCfg = Debug|Any CPU
		{05BDBD39-6D78-40AD-A17C-E9B7AE747C25}.Debug|Any CPU.Build.0 = Debug|Any CPU
		{05BDBD39-6D78-40AD-A17C-E9B7AE747C25}.Release|Any CPU.ActiveCfg = Release|Any CPU
		{05BDBD39-6D78-40AD-A17C-E9B7AE747C25}.Release|Any CPU.Build.0 = Release|Any CPU
		{34B5E04F-7A75-4432-B44D-B8FCD2C2E022}.Debug|Any CPU.ActiveCfg = Debug|Any CPU
		{34B5E04F-7A75-4432-B44D-B8FCD2C2E022}.Debug|Any CPU.Build.0 = Debug|Any CPU
		{34B5E04F-7A75-4432-B44D-B8FCD2C2E022}.Release|Any CPU.ActiveCfg = Release|Any CPU
		{34B5E04F-7A75-4432-B44D-B8FCD2C2E022}.Release|Any CPU.Build.0 = Release|Any CPU
		{011AD1D9-5510-4AEB-BCE1-DF1E72DCF273}.Debug|Any CPU.ActiveCfg = Debug|Any CPU
		{011AD1D9-5510-4AEB-BCE1-DF1E72DCF273}.Debug|Any CPU.Build.0 = Debug|Any CPU
		{011AD1D9-5510-4AEB-BCE1-DF1E72DCF273}.Release|Any CPU.ActiveCfg = Release|Any CPU
		{011AD1D9-5510-4AEB-BCE1-DF1E72DCF273}.Release|Any CPU.Build.0 = Release|Any CPU
		{B7A1C01B-5312-4A93-9A7C-41E8C4561130}.Debug|Any CPU.ActiveCfg = Debug|Any CPU
		{B7A1C01B-5312-4A93-9A7C-41E8C4561130}.Debug|Any CPU.Build.0 = Debug|Any CPU
		{B7A1C01B-5312-4A93-9A7C-41E8C4561130}.Release|Any CPU.ActiveCfg = Release|Any CPU
		{B7A1C01B-5312-4A93-9A7C-41E8C4561130}.Release|Any CPU.Build.0 = Release|Any CPU
		{A5DB1216-5FF0-48F0-9F36-2A8F29A342B9}.Debug|Any CPU.ActiveCfg = Debug|Any CPU
		{A5DB1216-5FF0-48F0-9F36-2A8F29A342B9}.Debug|Any CPU.Build.0 = Debug|Any CPU
		{A5DB1216-5FF0-48F0-9F36-2A8F29A342B9}.Release|Any CPU.ActiveCfg = Release|Any CPU
		{A5DB1216-5FF0-48F0-9F36-2A8F29A342B9}.Release|Any CPU.Build.0 = Release|Any CPU
		{3CB0FF58-A1B5-4273-8CF5-F874538ECE33}.Debug|Any CPU.ActiveCfg = Debug|Any CPU
		{3CB0FF58-A1B5-4273-8CF5-F874538ECE33}.Debug|Any CPU.Build.0 = Debug|Any CPU
		{3CB0FF58-A1B5-4273-8CF5-F874538ECE33}.Release|Any CPU.ActiveCfg = Release|Any CPU
		{3CB0FF58-A1B5-4273-8CF5-F874538ECE33}.Release|Any CPU.Build.0 = Release|Any CPU
	EndGlobalSection
	GlobalSection(NestedProjects) = preSolution
		{B2434F83-0E0F-4171-8F4D-C92A4C13DBAB} = {75CF211A-7DEA-47F2-8AEA-6B02F1F00856}
		{45B669B1-CAD3-4B40-94FB-8CBCB273B32A} = {B2434F83-0E0F-4171-8F4D-C92A4C13DBAB}
		{D478609C-8FC1-4A5A-8593-346A4DB73F9F} = {B2434F83-0E0F-4171-8F4D-C92A4C13DBAB}
		{66C020ED-20CF-4186-BCC8-ABD7A0870EAA} = {B2434F83-0E0F-4171-8F4D-C92A4C13DBAB}
		{181B7802-693E-45A7-9E16-3A0F993B8F3B} = {75CF211A-7DEA-47F2-8AEA-6B02F1F00856}
		{82D9629A-3F13-48F1-999D-D9A68D59F5CE} = {181B7802-693E-45A7-9E16-3A0F993B8F3B}
		{05BDBD39-6D78-40AD-A17C-E9B7AE747C25} = {181B7802-693E-45A7-9E16-3A0F993B8F3B}
		{7ABFBDD3-9E4B-4BA5-9C62-1DBE38F9EE30} = {75CF211A-7DEA-47F2-8AEA-6B02F1F00856}
		{34B5E04F-7A75-4432-B44D-B8FCD2C2E022} = {7ABFBDD3-9E4B-4BA5-9C62-1DBE38F9EE30}
		{011AD1D9-5510-4AEB-BCE1-DF1E72DCF273} = {7ABFBDD3-9E4B-4BA5-9C62-1DBE38F9EE30}
		{B7A1C01B-5312-4A93-9A7C-41E8C4561130} = {8AFB0D7A-F94D-4C6F-B395-E5B7254B917D}
		{A5DB1216-5FF0-48F0-9F36-2A8F29A342B9} = {8AFB0D7A-F94D-4C6F-B395-E5B7254B917D}
		{3CB0FF58-A1B5-4273-8CF5-F874538ECE33} = {8AFB0D7A-F94D-4C6F-B395-E5B7254B917D}
	EndGlobalSection
EndGlobal
